
Microsoft Visual Studio Solution File, Format Version 12.00
# Visual Studio Version 16
VisualStudioVersion = 16.0.31005.135
MinimumVisualStudioVersion = 10.0.40219.1
Project("{FAE04EC0-301F-11D3-BF4B-00C04F79EFBC}") = "OpenIdConnect", "OpenIdConnect\OpenIdConnect.csproj", "{629A70EC-7139-4DEA-B2D7-B73F95CF2879}"
EndProject
Global
	GlobalSection(SolutionConfigurationPlatforms) = preSolution
		Debug|Any CPU = Debug|Any CPU
		Release|Any CPU = Release|Any CPU
	EndGlobalSection
	GlobalSection(ProjectConfigurationPlatforms) = postSolution
		{629A70EC-7139-4DEA-B2D7-B73F95CF2879}.Debug|Any CPU.ActiveCfg = Debug|Any CPU
		{629A70EC-7139-4DEA-B2D7-B73F95CF2879}.Debug|Any CPU.Build.0 = Debug|Any CPU
		{629A70EC-7139-4DEA-B2D7-B73F95CF2879}.Release|Any CPU.ActiveCfg = Release|Any CPU
		{629A70EC-7139-4DEA-B2D7-B73F95CF2879}.Release|Any CPU.Build.0 = Release|Any CPU
	EndGlobalSection
	GlobalSection(SolutionProperties) = preSolution
		HideSolutionNode = FALSE
	EndGlobalSection
	GlobalSection(ExtensibilityGlobals) = postSolution
		SolutionGuid = {926F3AEC-8539-40DA-985E-F4F5F7A82FD2}
	EndGlobalSection
EndGlobal
